
Microsoft Visual Studio Solution File, Format Version 12.00
# Visual Studio Version 16
VisualStudioVersion = 16.0.29709.97
MinimumVisualStudioVersion = 10.0.40219.1
Project("{FAE04EC0-301F-11D3-BF4B-00C04F79EFBC}") = "uri1010", "uri1010.csproj", "{FA931EB1-5075-44C3-A8C6-391CB2B6E9FC}"
EndProject
Global
	GlobalSection(SolutionConfigurationPlatforms) = preSolution
		Debug|Any CPU = Debug|Any CPU
		Release|Any CPU = Release|Any CPU
	EndGlobalSection
	GlobalSection(ProjectConfigurationPlatforms) = postSolution
		{FA931EB1-5075-44C3-A8C6-391CB2B6E9FC}.Debug|Any CPU.ActiveCfg = Debug|Any CPU
		{FA931EB1-5075-44C3-A8C6-391CB2B6E9FC}.Debug|Any CPU.Build.0 = Debug|Any CPU
		{FA931EB1-5075-44C3-A8C6-391CB2B6E9FC}.Release|Any CPU.ActiveCfg = Release|Any CPU
		{FA931EB1-5075-44C3-A8C6-391CB2B6E9FC}.Release|Any CPU.Build.0 = Release|Any CPU
	EndGlobalSection
	GlobalSection(SolutionProperties) = preSolution
		HideSolutionNode = FALSE
	EndGlobalSection
	GlobalSection(ExtensibilityGlobals) = postSolution
		SolutionGuid = {9B0ECA86-4EBE-4F29-A10B-39B328EBA9B9}
	EndGlobalSection
EndGlobal
