
Microsoft Visual Studio Solution File, Format Version 12.00
# Visual Studio Version 16
VisualStudioVersion = 16.0.29709.97
MinimumVisualStudioVersion = 10.0.40219.1
Project("{FAE04EC0-301F-11D3-BF4B-00C04F79EFBC}") = "uri1018", "uri1018.csproj", "{E518505C-E52D-4B5C-A4E7-459E1D6097EA}"
EndProject
Global
	GlobalSection(SolutionConfigurationPlatforms) = preSolution
		Debug|Any CPU = Debug|Any CPU
		Release|Any CPU = Release|Any CPU
	EndGlobalSection
	GlobalSection(ProjectConfigurationPlatforms) = postSolution
		{E518505C-E52D-4B5C-A4E7-459E1D6097EA}.Debug|Any CPU.ActiveCfg = Debug|Any CPU
		{E518505C-E52D-4B5C-A4E7-459E1D6097EA}.Debug|Any CPU.Build.0 = Debug|Any CPU
		{E518505C-E52D-4B5C-A4E7-459E1D6097EA}.Release|Any CPU.ActiveCfg = Release|Any CPU
		{E518505C-E52D-4B5C-A4E7-459E1D6097EA}.Release|Any CPU.Build.0 = Release|Any CPU
	EndGlobalSection
	GlobalSection(SolutionProperties) = preSolution
		HideSolutionNode = FALSE
	EndGlobalSection
	GlobalSection(ExtensibilityGlobals) = postSolution
		SolutionGuid = {EA57FA3D-E877-40DB-B533-C8E416EFFD8D}
	EndGlobalSection
EndGlobal
