
Microsoft Visual Studio Solution File, Format Version 12.00
# Visual Studio Version 16
VisualStudioVersion = 16.0.29709.97
MinimumVisualStudioVersion = 10.0.40219.1
Project("{FAE04EC0-301F-11D3-BF4B-00C04F79EFBC}") = "uri1040", "uri1040.csproj", "{C501C7DB-36A6-4552-A6C7-5DE11EC80D24}"
EndProject
Global
	GlobalSection(SolutionConfigurationPlatforms) = preSolution
		Debug|Any CPU = Debug|Any CPU
		Release|Any CPU = Release|Any CPU
	EndGlobalSection
	GlobalSection(ProjectConfigurationPlatforms) = postSolution
		{C501C7DB-36A6-4552-A6C7-5DE11EC80D24}.Debug|Any CPU.ActiveCfg = Debug|Any CPU
		{C501C7DB-36A6-4552-A6C7-5DE11EC80D24}.Debug|Any CPU.Build.0 = Debug|Any CPU
		{C501C7DB-36A6-4552-A6C7-5DE11EC80D24}.Release|Any CPU.ActiveCfg = Release|Any CPU
		{C501C7DB-36A6-4552-A6C7-5DE11EC80D24}.Release|Any CPU.Build.0 = Release|Any CPU
	EndGlobalSection
	GlobalSection(SolutionProperties) = preSolution
		HideSolutionNode = FALSE
	EndGlobalSection
	GlobalSection(ExtensibilityGlobals) = postSolution
		SolutionGuid = {06A075D5-26B2-42BB-9A65-C5A87EBA78B9}
	EndGlobalSection
EndGlobal
