
Microsoft Visual Studio Solution File, Format Version 12.00
# Visual Studio Version 16
VisualStudioVersion = 16.0.29709.97
MinimumVisualStudioVersion = 10.0.40219.1
Project("{FAE04EC0-301F-11D3-BF4B-00C04F79EFBC}") = "uri1002", "uri1002.csproj", "{B9840CBC-80AE-47CF-89D1-5B455D26823D}"
EndProject
Global
	GlobalSection(SolutionConfigurationPlatforms) = preSolution
		Debug|Any CPU = Debug|Any CPU
		Release|Any CPU = Release|Any CPU
	EndGlobalSection
	GlobalSection(ProjectConfigurationPlatforms) = postSolution
		{B9840CBC-80AE-47CF-89D1-5B455D26823D}.Debug|Any CPU.ActiveCfg = Debug|Any CPU
		{B9840CBC-80AE-47CF-89D1-5B455D26823D}.Debug|Any CPU.Build.0 = Debug|Any CPU
		{B9840CBC-80AE-47CF-89D1-5B455D26823D}.Release|Any CPU.ActiveCfg = Release|Any CPU
		{B9840CBC-80AE-47CF-89D1-5B455D26823D}.Release|Any CPU.Build.0 = Release|Any CPU
	EndGlobalSection
	GlobalSection(SolutionProperties) = preSolution
		HideSolutionNode = FALSE
	EndGlobalSection
	GlobalSection(ExtensibilityGlobals) = postSolution
		SolutionGuid = {0F86D46D-308D-4000-80C1-078501FE706E}
	EndGlobalSection
EndGlobal
