
Microsoft Visual Studio Solution File, Format Version 12.00
# Visual Studio Version 16
VisualStudioVersion = 16.0.29709.97
MinimumVisualStudioVersion = 10.0.40219.1
Project("{FAE04EC0-301F-11D3-BF4B-00C04F79EFBC}") = "uri1004", "uri1004.csproj", "{DEDB03F7-52D4-46E3-B465-F8597F7F04E2}"
EndProject
Global
	GlobalSection(SolutionConfigurationPlatforms) = preSolution
		Debug|Any CPU = Debug|Any CPU
		Release|Any CPU = Release|Any CPU
	EndGlobalSection
	GlobalSection(ProjectConfigurationPlatforms) = postSolution
		{DEDB03F7-52D4-46E3-B465-F8597F7F04E2}.Debug|Any CPU.ActiveCfg = Debug|Any CPU
		{DEDB03F7-52D4-46E3-B465-F8597F7F04E2}.Debug|Any CPU.Build.0 = Debug|Any CPU
		{DEDB03F7-52D4-46E3-B465-F8597F7F04E2}.Release|Any CPU.ActiveCfg = Release|Any CPU
		{DEDB03F7-52D4-46E3-B465-F8597F7F04E2}.Release|Any CPU.Build.0 = Release|Any CPU
	EndGlobalSection
	GlobalSection(SolutionProperties) = preSolution
		HideSolutionNode = FALSE
	EndGlobalSection
	GlobalSection(ExtensibilityGlobals) = postSolution
		SolutionGuid = {C2B0FB7E-207C-466F-BE38-0B90F40C628C}
	EndGlobalSection
EndGlobal
