
Microsoft Visual Studio Solution File, Format Version 12.00
# Visual Studio Version 16
VisualStudioVersion = 16.0.29709.97
MinimumVisualStudioVersion = 10.0.40219.1
Project("{FAE04EC0-301F-11D3-BF4B-00C04F79EFBC}") = "uri1014", "uri1014.csproj", "{BF426731-E852-41DB-94FD-1E77ABA03494}"
EndProject
Global
	GlobalSection(SolutionConfigurationPlatforms) = preSolution
		Debug|Any CPU = Debug|Any CPU
		Release|Any CPU = Release|Any CPU
	EndGlobalSection
	GlobalSection(ProjectConfigurationPlatforms) = postSolution
		{BF426731-E852-41DB-94FD-1E77ABA03494}.Debug|Any CPU.ActiveCfg = Debug|Any CPU
		{BF426731-E852-41DB-94FD-1E77ABA03494}.Debug|Any CPU.Build.0 = Debug|Any CPU
		{BF426731-E852-41DB-94FD-1E77ABA03494}.Release|Any CPU.ActiveCfg = Release|Any CPU
		{BF426731-E852-41DB-94FD-1E77ABA03494}.Release|Any CPU.Build.0 = Release|Any CPU
	EndGlobalSection
	GlobalSection(SolutionProperties) = preSolution
		HideSolutionNode = FALSE
	EndGlobalSection
	GlobalSection(ExtensibilityGlobals) = postSolution
		SolutionGuid = {4BBFCD32-D220-4796-A7AC-597962D6EAE4}
	EndGlobalSection
EndGlobal
